
Microsoft Visual Studio Solution File, Format Version 12.00
# Visual Studio Version 17
VisualStudioVersion = 17.14.36616.10
MinimumVisualStudioVersion = 10.0.40219.1
Project("{FAE04EC0-301F-11D3-BF4B-00C04F79EFBC}") = "Zadanie2", "Zadanie2\Zadanie2.csproj", "{D66C6A83-090E-455F-84D6-2D0A9E596E95}"
EndProject
Project("{FAE04EC0-301F-11D3-BF4B-00C04F79EFBC}") = "UnitTestProject1", "UnitTestProject1\UnitTestProject1.csproj", "{EE031FFE-D57F-49BA-9143-1C15D44FAEB0}"
EndProject
Global
	GlobalSection(SolutionConfigurationPlatforms) = preSolution
		Debug|Any CPU = Debug|Any CPU
		Release|Any CPU = Release|Any CPU
	EndGlobalSection
	GlobalSection(ProjectConfigurationPlatforms) = postSolution
		{D66C6A83-090E-455F-84D6-2D0A9E596E95}.Debug|Any CPU.ActiveCfg = Debug|Any CPU
		{D66C6A83-090E-455F-84D6-2D0A9E596E95}.Debug|Any CPU.Build.0 = Debug|Any CPU
		{D66C6A83-090E-455F-84D6-2D0A9E596E95}.Release|Any CPU.ActiveCfg = Release|Any CPU
		{D66C6A83-090E-455F-84D6-2D0A9E596E95}.Release|Any CPU.Build.0 = Release|Any CPU
		{EE031FFE-D57F-49BA-9143-1C15D44FAEB0}.Debug|Any CPU.ActiveCfg = Debug|Any CPU
		{EE031FFE-D57F-49BA-9143-1C15D44FAEB0}.Debug|Any CPU.Build.0 = Debug|Any CPU
		{EE031FFE-D57F-49BA-9143-1C15D44FAEB0}.Release|Any CPU.ActiveCfg = Release|Any CPU
		{EE031FFE-D57F-49BA-9143-1C15D44FAEB0}.Release|Any CPU.Build.0 = Release|Any CPU
	EndGlobalSection
	GlobalSection(SolutionProperties) = preSolution
		HideSolutionNode = FALSE
	EndGlobalSection
	GlobalSection(ExtensibilityGlobals) = postSolution
		SolutionGuid = {3A1F6411-15FD-4F2B-A983-013385512288}
	EndGlobalSection
EndGlobal
